
Microsoft Visual Studio Solution File, Format Version 12.00
# Visual Studio Version 17
VisualStudioVersion = 17.14.36623.8 d17.14
MinimumVisualStudioVersion = 10.0.40219.1
Project("{FAE04EC0-301F-11D3-BF4B-00C04F79EFBC}") = "AutomationInfrastructure", "AutomationInfrastructure\AutomationInfrastructure.csproj", "{4081848E-34A7-438E-9F6D-CAD8CC2EA8FA}"
EndProject
Global
	GlobalSection(SolutionConfigurationPlatforms) = preSolution
		Debug|Any CPU = Debug|Any CPU
		Release|Any CPU = Release|Any CPU
	EndGlobalSection
	GlobalSection(ProjectConfigurationPlatforms) = postSolution
		{4081848E-34A7-438E-9F6D-CAD8CC2EA8FA}.Debug|Any CPU.ActiveCfg = Debug|Any CPU
		{4081848E-34A7-438E-9F6D-CAD8CC2EA8FA}.Debug|Any CPU.Build.0 = Debug|Any CPU
		{4081848E-34A7-438E-9F6D-CAD8CC2EA8FA}.Release|Any CPU.ActiveCfg = Release|Any CPU
		{4081848E-34A7-438E-9F6D-CAD8CC2EA8FA}.Release|Any CPU.Build.0 = Release|Any CPU
	EndGlobalSection
	GlobalSection(SolutionProperties) = preSolution
		HideSolutionNode = FALSE
	EndGlobalSection
	GlobalSection(ExtensibilityGlobals) = postSolution
		SolutionGuid = {C9336DC3-0156-43D2-9D1A-AA36D8AFA41B}
	EndGlobalSection
EndGlobal
